
Microsoft Visual Studio Solution File, Format Version 12.00
# Visual Studio Version 17
VisualStudioVersion = 17.3.32825.248
MinimumVisualStudioVersion = 10.0.40219.1
Project("{FAE04EC0-301F-11D3-BF4B-00C04F79EFBC}") = "APISCL", "APISCL.csproj", "{C03CFDBF-73BA-40D1-9AB8-4845A7C0BBDD}"
EndProject
Global
	GlobalSection(SolutionConfigurationPlatforms) = preSolution
		Debug|Any CPU = Debug|Any CPU
		Release|Any CPU = Release|Any CPU
	EndGlobalSection
	GlobalSection(ProjectConfigurationPlatforms) = postSolution
		{C03CFDBF-73BA-40D1-9AB8-4845A7C0BBDD}.Debug|Any CPU.ActiveCfg = Debug|Any CPU
		{C03CFDBF-73BA-40D1-9AB8-4845A7C0BBDD}.Debug|Any CPU.Build.0 = Debug|Any CPU
		{C03CFDBF-73BA-40D1-9AB8-4845A7C0BBDD}.Release|Any CPU.ActiveCfg = Release|Any CPU
		{C03CFDBF-73BA-40D1-9AB8-4845A7C0BBDD}.Release|Any CPU.Build.0 = Release|Any CPU
	EndGlobalSection
	GlobalSection(SolutionProperties) = preSolution
		HideSolutionNode = FALSE
	EndGlobalSection
	GlobalSection(ExtensibilityGlobals) = postSolution
		SolutionGuid = {421F888F-6859-43A6-8BD4-D92DA7B584EF}
	EndGlobalSection
EndGlobal
